
Microsoft Visual Studio Solution File, Format Version 12.00
# Visual Studio Version 16
VisualStudioVersion = 16.0.35325.158
MinimumVisualStudioVersion = 10.0.40219.1
Project("{8BC9CEB8-8B4A-11D0-8D11-00A0C91BC942}") = "Project1", "Project1.vcxproj", "{7998CE24-898F-4BA8-9CD1-87A035EDFFF7}"
EndProject
Global
	GlobalSection(SolutionConfigurationPlatforms) = preSolution
		Debug|x64 = Debug|x64
		Debug|x86 = Debug|x86
		Release|x64 = Release|x64
		Release|x86 = Release|x86
	EndGlobalSection
	GlobalSection(ProjectConfigurationPlatforms) = postSolution
		{7998CE24-898F-4BA8-9CD1-87A035EDFFF7}.Debug|x64.ActiveCfg = Debug|x64
		{7998CE24-898F-4BA8-9CD1-87A035EDFFF7}.Debug|x64.Build.0 = Debug|x64
		{7998CE24-898F-4BA8-9CD1-87A035EDFFF7}.Debug|x86.ActiveCfg = Debug|Win32
		{7998CE24-898F-4BA8-9CD1-87A035EDFFF7}.Debug|x86.Build.0 = Debug|Win32
		{7998CE24-898F-4BA8-9CD1-87A035EDFFF7}.Release|x64.ActiveCfg = Release|x64
		{7998CE24-898F-4BA8-9CD1-87A035EDFFF7}.Release|x64.Build.0 = Release|x64
		{7998CE24-898F-4BA8-9CD1-87A035EDFFF7}.Release|x86.ActiveCfg = Release|Win32
		{7998CE24-898F-4BA8-9CD1-87A035EDFFF7}.Release|x86.Build.0 = Release|Win32
	EndGlobalSection
	GlobalSection(SolutionProperties) = preSolution
		HideSolutionNode = FALSE
	EndGlobalSection
	GlobalSection(ExtensibilityGlobals) = postSolution
		SolutionGuid = {4C7F0043-A43D-4775-A1BC-0CA0A6D3C411}
	EndGlobalSection
EndGlobal
